{
  "agent": {
    "definitionDigest": "sha256:3a67ec739a8c1c601c4a3d1d24701844bbf80d5be7c8aa0bd72376a293479e0e",
    "id": "developer-optimization",
    "version": "1.0.0"
  },
  "build": {
    "adapters": [
      {
        "id": "vscode",
        "schemaVersion": 2
      }
    ],
    "registrySchemaVersion": "1.1.0",
    "schemaVersion": 1
  },
  "capabilities": [
    {
      "artifact": {
        "availability": "published",
        "id": "npm-package",
        "identifier": "@agent-tool-platform/ast-summarizer",
        "kind": "npm",
        "reference": "v0.1.1",
        "sourceRevision": "93bffa78d3fbbb4d835a8da55f33af68e48ec8cd",
        "version": "0.1.1"
      },
      "binding": {
        "client": null,
        "id": "local-stdio",
        "interface": "stdio",
        "mode": "local"
      },
      "id": "ast-summarizer",
      "profile": {
        "dimensions": {
          "access": "local-process",
          "delivery": "package",
          "execution": "local",
          "mutation": "read-only",
          "provider": "none",
          "workload": "filesystem"
        },
        "id": "local-package",
        "source": "registry-curated"
      },
      "registryEntryDigest": "sha256:7e96ae1159fbe1faa039c432901b711f8e702abac6a1550866576157c9147f1c",
      "requestedVersion": null,
      "requirements": {
        "permissions": [
          "workspace-read"
        ],
        "providerPrerequisiteIds": [],
        "readinessSignals": [
          "process",
          "workload"
        ],
        "requiredSecretNames": [],
        "setupRequired": true
      },
      "source": {
        "profileDeclaration": null,
        "repository": "https://github.com/ashergarland/agent-tool-server-ast-summarizer",
        "revision": "93bffa78d3fbbb4d835a8da55f33af68e48ec8cd"
      },
      "version": "0.1.1"
    },
    {
      "artifact": {
        "availability": "declared",
        "id": "oci-container",
        "identifier": "ghcr.io/ashergarland/agent-tool-server-azure",
        "kind": "oci",
        "reference": "server.json#/packages/0",
        "sourceRevision": "a2ea5bac9162159b4b0b04ce12e80d46a1b9a79c",
        "version": "0.2.0"
      },
      "binding": {
        "client": {
          "http": {
            "headers": [
              {
                "configuration": "connector-api-key",
                "name": "x-api-key",
                "prefix": ""
              }
            ]
          }
        },
        "id": "hosted-read-only-http",
        "interface": "http",
        "mode": "remote"
      },
      "id": "azure",
      "profile": {
        "dimensions": {
          "access": "authenticated-service",
          "delivery": "container",
          "execution": "hosted",
          "mutation": "read-only",
          "provider": "external",
          "workload": "provider"
        },
        "id": "hosted-read-only",
        "source": "capability-profile-declaration"
      },
      "registryEntryDigest": "sha256:3253d72ada3a961597ca1d4a94fd197ed7297415529364ec5a5bfaeb9be39654",
      "requestedVersion": null,
      "requirements": {
        "permissions": [
          "network-access",
          "provider-read"
        ],
        "providerPrerequisiteIds": [
          "azure-provider-registrations",
          "azure-resource-manager"
        ],
        "readinessSignals": [
          "process",
          "provider",
          "workload"
        ],
        "requiredSecretNames": [
          "connector-api-key"
        ],
        "setupRequired": true
      },
      "source": {
        "profileDeclaration": "capability-profiles.json",
        "repository": "https://github.com/ashergarland/agent-tool-server-azure",
        "revision": "a2ea5bac9162159b4b0b04ce12e80d46a1b9a79c"
      },
      "version": "0.2.0"
    },
    {
      "artifact": {
        "availability": "declared",
        "id": "npm-package",
        "identifier": "agent-tool-server-data-cruncher",
        "kind": "npm",
        "reference": "server.json#/packages/0",
        "sourceRevision": "67bc95dd4ba9d2b8ae829650d470a055819121f1",
        "version": "0.0.0-development"
      },
      "binding": {
        "client": null,
        "id": "local-stdio",
        "interface": "stdio",
        "mode": "local"
      },
      "id": "data-cruncher",
      "profile": {
        "dimensions": {
          "access": "local-process",
          "delivery": "package",
          "execution": "local",
          "mutation": "read-only",
          "provider": "none",
          "workload": "filesystem"
        },
        "id": "local-package",
        "source": "capability-profile-declaration"
      },
      "registryEntryDigest": "sha256:623e9317f527b15744384c1aa11025817abcd17ace7d070953662dc7c4ef95f5",
      "requestedVersion": null,
      "requirements": {
        "permissions": [
          "filesystem-read",
          "process-execute"
        ],
        "providerPrerequisiteIds": [],
        "readinessSignals": [
          "process",
          "workload"
        ],
        "requiredSecretNames": [],
        "setupRequired": true
      },
      "source": {
        "profileDeclaration": "capability-profiles.json",
        "repository": "https://github.com/ashergarland/agent-tool-server-data-cruncher",
        "revision": "67bc95dd4ba9d2b8ae829650d470a055819121f1"
      },
      "version": "0.0.0-development"
    },
    {
      "artifact": {
        "availability": "declared",
        "id": "npm-package",
        "identifier": "agent-tool-server-doc-rag",
        "kind": "npm",
        "reference": "server.json#/packages/0",
        "sourceRevision": "b4ead6e48d00c14b59089e7169cb03ac6f57b181",
        "version": "0.0.0-development"
      },
      "binding": {
        "client": null,
        "id": "local-stdio",
        "interface": "stdio",
        "mode": "local"
      },
      "id": "doc-rag",
      "profile": {
        "dimensions": {
          "access": "local-process",
          "delivery": "package",
          "execution": "local",
          "mutation": "read-only",
          "provider": "none",
          "workload": "filesystem"
        },
        "id": "local-filesystem-package",
        "source": "capability-profile-declaration"
      },
      "registryEntryDigest": "sha256:71224dd9620775dbf759b72eae618db047746684d9c1c6fa34cd199165c7b9d8",
      "requestedVersion": null,
      "requirements": {
        "permissions": [
          "filesystem-read"
        ],
        "providerPrerequisiteIds": [],
        "readinessSignals": [
          "process",
          "workload"
        ],
        "requiredSecretNames": [],
        "setupRequired": true
      },
      "source": {
        "profileDeclaration": "capability-profiles.json",
        "repository": "https://github.com/ashergarland/agent-tool-server-doc-rag",
        "revision": "b4ead6e48d00c14b59089e7169cb03ac6f57b181"
      },
      "version": "0.0.0-development"
    },
    {
      "artifact": {
        "availability": "declared",
        "id": "npm-package",
        "identifier": "agent-tool-server-document-optimizer",
        "kind": "npm",
        "reference": "server.json#/packages/0",
        "sourceRevision": "35223be62972093a1b5180b3b0672654f90fb5ad",
        "version": "0.0.0-development"
      },
      "binding": {
        "client": null,
        "id": "local-stdio",
        "interface": "stdio",
        "mode": "local"
      },
      "id": "document-optimizer",
      "profile": {
        "dimensions": {
          "access": "local-process",
          "delivery": "package",
          "execution": "local",
          "mutation": "read-only",
          "provider": "none",
          "workload": "filesystem"
        },
        "id": "local-filesystem-package",
        "source": "capability-profile-declaration"
      },
      "registryEntryDigest": "sha256:a6583d26ef5a5954c06d71c904d1683f99c9b98e27fae99a3315460b4ecde88c",
      "requestedVersion": null,
      "requirements": {
        "permissions": [
          "filesystem-read"
        ],
        "providerPrerequisiteIds": [],
        "readinessSignals": [
          "process",
          "workload"
        ],
        "requiredSecretNames": [],
        "setupRequired": true
      },
      "source": {
        "profileDeclaration": "capability-profiles.json",
        "repository": "https://github.com/ashergarland/agent-tool-server-document-optimizer",
        "revision": "35223be62972093a1b5180b3b0672654f90fb5ad"
      },
      "version": "0.0.0-development"
    },
    {
      "artifact": {
        "availability": "declared",
        "id": "npm-package",
        "identifier": "agent-tool-server-git-optimizer",
        "kind": "npm",
        "reference": "server.json#/packages/0",
        "sourceRevision": "6fe83371af641fdbaea1e22c0c8bf981caa882ab",
        "version": "0.1.0"
      },
      "binding": {
        "client": null,
        "id": "local-stdio",
        "interface": "stdio",
        "mode": "local"
      },
      "id": "git-optimizer",
      "profile": {
        "dimensions": {
          "access": "local-process",
          "delivery": "package",
          "execution": "local",
          "mutation": "read-only",
          "provider": "none",
          "workload": "filesystem"
        },
        "id": "local-package",
        "source": "capability-profile-declaration"
      },
      "registryEntryDigest": "sha256:f9993b088a3001443ff7acc3be031c32f448ec3f3b18255d1768fa2ba3678023",
      "requestedVersion": null,
      "requirements": {
        "permissions": [
          "process-execute",
          "repository-read"
        ],
        "providerPrerequisiteIds": [],
        "readinessSignals": [
          "process",
          "workload"
        ],
        "requiredSecretNames": [],
        "setupRequired": true
      },
      "source": {
        "profileDeclaration": "capability-profiles.json",
        "repository": "https://github.com/ashergarland/agent-tool-server-git-optimizer",
        "revision": "6fe83371af641fdbaea1e22c0c8bf981caa882ab"
      },
      "version": "0.1.0"
    },
    {
      "artifact": {
        "availability": "declared",
        "id": "npm-package",
        "identifier": "agent-tool-server-vision",
        "kind": "npm",
        "reference": "server.json#/packages/0",
        "sourceRevision": "833d97c76d92ca833650d826fb1348090df1d5a8",
        "version": "0.0.0-development"
      },
      "binding": {
        "client": null,
        "id": "local-stdio",
        "interface": "stdio",
        "mode": "local"
      },
      "id": "vision",
      "profile": {
        "dimensions": {
          "access": "local-process",
          "delivery": "package",
          "execution": "local",
          "mutation": "mutating",
          "provider": "none",
          "workload": "filesystem"
        },
        "id": "local-package",
        "source": "capability-profile-declaration"
      },
      "registryEntryDigest": "sha256:79c6f1ffbd6bfd730a52c5db0abfdce399ed66069c2d79a1422513954e8716e1",
      "requestedVersion": null,
      "requirements": {
        "permissions": [
          "artifact-write",
          "filesystem-read",
          "process-execute"
        ],
        "providerPrerequisiteIds": [],
        "readinessSignals": [
          "process",
          "workload"
        ],
        "requiredSecretNames": [],
        "setupRequired": true
      },
      "source": {
        "profileDeclaration": "capability-profiles.json",
        "repository": "https://github.com/ashergarland/agent-tool-server-vision",
        "revision": "833d97c76d92ca833650d826fb1348090df1d5a8"
      },
      "version": "0.0.0-development"
    }
  ],
  "kind": "agent-lock",
  "schemaVersion": 2
}
